// !$*UTF8*$!
{
	archiveVersion = 1;
	classes = {
	};
	objectVersion = 77;
	objects = {

/* Begin PBXContainerItemProxy section */
		D1D2B63C2DDF8C400020B22C /* PBXContainerItemProxy */ = {
			isa = PBXContainerItemProxy;
			containerPortal = D1D2B6262DDF8C3F0020B22C /* Project object */;
			proxyType = 1;
			remoteGlobalIDString = D1D2B62D2DDF8C3F0020B22C;
			remoteInfo = IncomeVsExpenses;
		};
		D1D2B6462DDF8C400020B22C /* PBXContainerItemProxy */ = {
			isa = PBXContainerItemProxy;
			containerPortal = D1D2B6262DDF8C3F0020B22C /* Project object */;
			proxyType = 1;
			remoteGlobalIDString = D1D2B62D2DDF8C3F0020B22C;
			remoteInfo = IncomeVsExpenses;
		};
/* End PBXContainerItemProxy section */

/* Begin PBXFileReference section */
		D1D2B62E2DDF8C3F0020B22C /* IncomeVsExpenses.app */ = {isa = PBXFileReference; explicitFileType = wrapper.application; includeInIndex = 0; path = IncomeVsExpenses.app; sourceTree = BUILT_PRODUCTS_DIR; };
		D1D2B63B2DDF8C400020B22C /* IncomeVsExpensesTests.xctest */ = {isa = PBXFileReference; explicitFileType = wrapper.cfbundle; includeInIndex = 0; path = IncomeVsExpensesTests.xctest; sourceTree = BUILT_PRODUCTS_DIR; };
		D1D2B6452DDF8C400020B22C /* IncomeVsExpensesUITests.xctest */ = {isa = PBXFileReference; explicitFileType = wrapper.cfbundle; includeInIndex = 0; path = IncomeVsExpensesUITests.xctest; sourceTree = BUILT_PRODUCTS_DIR; };
/* End PBXFileReference section */

/* Begin PBXFileSystemSynchronizedRootGroup section */
		D1D2B6302DDF8C3F0020B22C /* IncomeVsExpenses */ = {
			isa = PBXFileSystemSynchronizedRootGroup;
			path = IncomeVsExpenses;
			sourceTree = "<group>";
		};
		D1D2B63E2DDF8C400020B22C /* IncomeVsExpensesTests */ = {
			isa = PBXFileSystemSynchronizedRootGroup;
			path = IncomeVsExpensesTests;
			sourceTree = "<group>";
		};
		D1D2B6482DDF8C400020B22C /* IncomeVsExpensesUITests */ = {
			isa = PBXFileSystemSynchronizedRootGroup;
			path = IncomeVsExpensesUITests;
			sourceTree = "<group>";
		};
/* End PBXFileSystemSynchronizedRootGroup section */

/* Begin PBXFrameworksBuildPhase section */
		D1D2B62B2DDF8C3F0020B22C /* Frameworks */ = {
			isa = PBXFrameworksBuildPhase;
			buildActionMask = 2147483647;
			files = (
			);
			runOnlyForDeploymentPostprocessing = 0;
		};
		D1D2B6382DDF8C400020B22C /* Frameworks */ = {
			isa = PBXFrameworksBuildPhase;
			buildActionMask = 2147483647;
			files = (
			);
			runOnlyForDeploymentPostprocessing = 0;
		};
		D1D2B6422DDF8C400020B22C /* Frameworks */ = {
			isa = PBXFrameworksBuildPhase;
			buildActionMask = 2147483647;
			files = (
			);
			runOnlyForDeploymentPostprocessing = 0;
		};
/* End PBXFrameworksBuildPhase section */

/* Begin PBXGroup section */
		D1D2B6252DDF8C3F0020B22C = {
			isa = PBXGroup;
			children = (
				D1D2B6302DDF8C3F0020B22C /* IncomeVsExpenses */,
				D1D2B63E2DDF8C400020B22C /* IncomeVsExpensesTests */,
				D1D2B6482DDF8C400020B22C /* IncomeVsExpensesUITests */,
				D1D2B62F2DDF8C3F0020B22C /* Products */,
			);
			sourceTree = "<group>";
		};
		D1D2B62F2DDF8C3F0020B22C /* Products */ = {
			isa = PBXGroup;
			children = (
				D1D2B62E2DDF8C3F0020B22C /* IncomeVsExpenses.app */,
				D1D2B63B2DDF8C400020B22C /* IncomeVsExpensesTests.xctest */,
				D1D2B6452DDF8C400020B22C /* IncomeVsExpensesUITests.xctest */,
			);
			name = Products;
			sourceTree = "<group>";
		};
/* End PBXGroup section */

/* Begin PBXNativeTarget section */
		D1D2B62D2DDF8C3F0020B22C /* IncomeVsExpenses */ = {
			isa = PBXNativeTarget;
			buildConfigurationList = D1D2B64F2DDF8C400020B22C /* Build configuration list for PBXNativeTarget "IncomeVsExpenses" */;
			buildPhases = (
				D1D2B62A2DDF8C3F0020B22C /* Sources */,
				D1D2B62B2DDF8C3F0020B22C /* Frameworks */,
				D1D2B62C2DDF8C3F0020B22C /* Resources */,
			);
			buildRules = (
			);
			dependencies = (
			);
			fileSystemSynchronizedGroups = (
				D1D2B6302DDF8C3F0020B22C /* IncomeVsExpenses */,
			);
			name = IncomeVsExpenses;
			packageProductDependencies = (
			);
			productName = IncomeVsExpenses;
			productReference = D1D2B62E2DDF8C3F0020B22C /* IncomeVsExpenses.app */;
			productType = "com.apple.product-type.application";
		};
		D1D2B63A2DDF8C400020B22C /* IncomeVsExpensesTests */ = {
			isa = PBXNativeTarget;
			buildConfigurationList = D1D2B6522DDF8C400020B22C /* Build configuration list for PBXNativeTarget "IncomeVsExpensesTests" */;
			buildPhases = (
				D1D2B6372DDF8C400020B22C /* Sources */,
				D1D2B6382DDF8C400020B22C /* Frameworks */,
				D1D2B6392DDF8C400020B22C /* Resources */,
			);
			buildRules = (
			);
			dependencies = (
				D1D2B63D2DDF8C400020B22C /* PBXTargetDependency */,
			);
			fileSystemSynchronizedGroups = (
				D1D2B63E2DDF8C400020B22C /* IncomeVsExpensesTests */,
			);
			name = IncomeVsExpensesTests;
			packageProductDependencies = (
			);
			productName = IncomeVsExpensesTests;
			productReference = D1D2B63B2DDF8C400020B22C /* IncomeVsExpensesTests.xctest */;
			productType = "com.apple.product-type.bundle.unit-test";
		};
		D1D2B6442DDF8C400020B22C /* IncomeVsExpensesUITests */ = {
			isa = PBXNativeTarget;
			buildConfigurationList = D1D2B6552DDF8C400020B22C /* Build configuration list for PBXNativeTarget "IncomeVsExpensesUITests" */;
			buildPhases = (
				D1D2B6412DDF8C400020B22C /* Sources */,
				D1D2B6422DDF8C400020B22C /* Frameworks */,
				D1D2B6432DDF8C400020B22C /* Resources */,
			);
			buildRules = (
			);
			dependencies = (
				D1D2B6472DDF8C400020B22C /* PBXTargetDependency */,
			);
			fileSystemSynchronizedGroups = (
				D1D2B6482DDF8C400020B22C /* IncomeVsExpensesUITests */,
			);
			name = IncomeVsExpensesUITests;
			packageProductDependencies = (
			);
			productName = IncomeVsExpensesUITests;
			productReference = D1D2B6452DDF8C400020B22C /* IncomeVsExpensesUITests.xctest */;
			productType = "com.apple.product-type.bundle.ui-testing";
		};
/* End PBXNativeTarget section */

/* Begin PBXProject section */
		D1D2B6262DDF8C3F0020B22C /* Project object */ = {
			isa = PBXProject;
			attributes = {
				BuildIndependentTargetsInParallel = 1;
				LastSwiftUpdateCheck = 1630;
				LastUpgradeCheck = 1630;
				TargetAttributes = {
					D1D2B62D2DDF8C3F0020B22C = {
						CreatedOnToolsVersion = 16.3;
					};
					D1D2B63A2DDF8C400020B22C = {
						CreatedOnToolsVersion = 16.3;
						TestTargetID = D1D2B62D2DDF8C3F0020B22C;
					};
					D1D2B6442DDF8C400020B22C = {
						CreatedOnToolsVersion = 16.3;
						TestTargetID = D1D2B62D2DDF8C3F0020B22C;
					};
				};
			};
			buildConfigurationList = D1D2B6292DDF8C3F0020B22C /* Build configuration list for PBXProject "IncomeVsExpenses" */;
			developmentRegion = en;
			hasScannedForEncodings = 0;
			knownRegions = (
				en,
				Base,
			);
			mainGroup = D1D2B6252DDF8C3F0020B22C;
			minimizedProjectReferenceProxies = 1;
			preferredProjectObjectVersion = 77;
			productRefGroup = D1D2B62F2DDF8C3F0020B22C /* Products */;
			projectDirPath = "";
			projectRoot = "";
			targets = (
				D1D2B62D2DDF8C3F0020B22C /* IncomeVsExpenses */,
				D1D2B63A2DDF8C400020B22C /* IncomeVsExpensesTests */,
				D1D2B6442DDF8C400020B22C /* IncomeVsExpensesUITests */,
			);
		};
/* End PBXProject section */

/* Begin PBXResourcesBuildPhase section */
		D1D2B62C2DDF8C3F0020B22C /* Resources */ = {
			isa = PBXResourcesBuildPhase;
			buildActionMask = 2147483647;
			files = (
			);
			runOnlyForDeploymentPostprocessing = 0;
		};
		D1D2B6392DDF8C400020B22C /* Resources */ = {
			isa = PBXResourcesBuildPhase;
			buildActionMask = 2147483647;
			files = (
			);
			runOnlyForDeploymentPostprocessing = 0;
		};
		D1D2B6432DDF8C400020B22C /* Resources */ = {
			isa = PBXResourcesBuildPhase;
			buildActionMask = 2147483647;
			files = (
			);
			runOnlyForDeploymentPostprocessing = 0;
		};
/* End PBXResourcesBuildPhase section */

/* Begin PBXSourcesBuildPhase section */
		D1D2B62A2DDF8C3F0020B22C /* Sources */ = {
			isa = PBXSourcesBuildPhase;
			buildActionMask = 2147483647;
			files = (
			);
			runOnlyForDeploymentPostprocessing = 0;
		};
		D1D2B6372DDF8C400020B22C /* Sources */ = {
			isa = PBXSourcesBuildPhase;
			buildActionMask = 2147483647;
			files = (
			);
			runOnlyForDeploymentPostprocessing = 0;
		};
		D1D2B6412DDF8C400020B22C /* Sources */ = {
			isa = PBXSourcesBuildPhase;
			buildActionMask = 2147483647;
			files = (
			);
			runOnlyForDeploymentPostprocessing = 0;
		};
/* End PBXSourcesBuildPhase section */

/* Begin PBXTargetDependency section */
		D1D2B63D2DDF8C400020B22C /* PBXTargetDependency */ = {
			isa = PBXTargetDependency;
			target = D1D2B62D2DDF8C3F0020B22C /* IncomeVsExpenses */;
			targetProxy = D1D2B63C2DDF8C400020B22C /* PBXContainerItemProxy */;
		};
		D1D2B6472DDF8C400020B22C /* PBXTargetDependency */ = {
			isa = PBXTargetDependency;
			target = D1D2B62D2DDF8C3F0020B22C /* IncomeVsExpenses */;
			targetProxy = D1D2B6462DDF8C400020B22C /* PBXContainerItemProxy */;
		};
/* End PBXTargetDependency section */

/* Begin XCBuildConfiguration section */
		D1D2B64D2DDF8C400020B22C /* Debug */ = {
			isa = XCBuildConfiguration;
			buildSettings = {
				ALWAYS_SEARCH_USER_PATHS = NO;
				ASSETCATALOG_COMPILER_GENERATE_SWIFT_ASSET_SYMBOL_EXTENSIONS = YES;
				CLANG_ANALYZER_NONNULL = YES;
				CLANG_ANALYZER_NUMBER_OBJECT_CONVERSION = YES_AGGRESSIVE;
				CLANG_CXX_LANGUAGE_STANDARD = "gnu++20";
				CLANG_ENABLE_MODULES = YES;
				CLANG_ENABLE_OBJC_ARC = YES;
				CLANG_ENABLE_OBJC_WEAK = YES;
				CLANG_WARN_BLOCK_CAPTURE_AUTORELEASING = YES;
				CLANG_WARN_BOOL_CONVERSION = YES;
				CLANG_WARN_COMMA = YES;
				CLANG_WARN_CONSTANT_CONVERSION = YES;
				CLANG_WARN_DEPRECATED_OBJC_IMPLEMENTATIONS = YES;
				CLANG_WARN_DIRECT_OBJC_ISA_USAGE = YES_ERROR;
				CLANG_WARN_DOCUMENTATION_COMMENTS = YES;
				CLANG_WARN_EMPTY_BODY = YES;
				CLANG_WARN_ENUM_CONVERSION = YES;
				CLANG_WARN_INFINITE_RECURSION = YES;
				CLANG_WARN_INT_CONVERSION = YES;
				CLANG_WARN_NON_LITERAL_NULL_CONVERSION = YES;
				CLANG_WARN_OBJC_IMPLICIT_RETAIN_SELF = YES;
				CLANG_WARN_OBJC_LITERAL_CONVERSION = YES;
				CLANG_WARN_OBJC_ROOT_CLASS = YES_ERROR;
				CLANG_WARN_QUOTED_INCLUDE_IN_FRAMEWORK_HEADER = YES;
				CLANG_WARN_RANGE_LOOP_ANALYSIS = YES;
				CLANG_WARN_STRICT_PROTOTYPES = YES;
				CLANG_WARN_SUSPICIOUS_MOVE = YES;
				CLANG_WARN_UNGUARDED_AVAILABILITY = YES_AGGRESSIVE;
				CLANG_WARN_UNREACHABLE_CODE = YES;
				CLANG_WARN__DUPLICATE_METHOD_MATCH = YES;
				COPY_PHASE_STRIP = NO;
				DEBUG_INFORMATION_FORMAT = dwarf;
				DEVELOPMENT_TEAM = WM7SKJ8A72;
				ENABLE_STRICT_OBJC_MSGSEND = YES;
				ENABLE_TESTABILITY = YES;
				ENABLE_USER_SCRIPT_SANDBOXING = YES;
				GCC_C_LANGUAGE_STANDARD = gnu17;
				GCC_DYNAMIC_NO_PIC = NO;
				GCC_NO_COMMON_BLOCKS = YES;
				GCC_OPTIMIZATION_LEVEL = 0;
				GCC_PREPROCESSOR_DEFINITIONS = (
					"DEBUG=1",
					"$(inherited)",
				);
				GCC_WARN_64_TO_32_BIT_CONVERSION = YES;
				GCC_WARN_ABOUT_RETURN_TYPE = YES_ERROR;
				GCC_WARN_UNDECLARED_SELECTOR = YES;
				GCC_WARN_UNINITIALIZED_AUTOS = YES_AGGRESSIVE;
				GCC_WARN_UNUSED_FUNCTION = YES;
				GCC_WARN_UNUSED_VARIABLE = YES;
				IPHONEOS_DEPLOYMENT_TARGET = 18.4;
				LOCALIZATION_PREFERS_STRING_CATALOGS = YES;
				MTL_ENABLE_DEBUG_INFO = INCLUDE_SOURCE;
				MTL_FAST_MATH = YES;
				ONLY_ACTIVE_ARCH = YES;
				SDKROOT = iphoneos;
				SWIFT_ACTIVE_COMPILATION_CONDITIONS = "DEBUG $(inherited)";
				SWIFT_OPTIMIZATION_LEVEL = "-Onone";
			};
			name = Debug;
		};
		D1D2B64E2DDF8C400020B22C /* Release */ = {
			isa = XCBuildConfiguration;
			buildSettings = {
				ALWAYS_SEARCH_USER_PATHS = NO;
				ASSETCATALOG_COMPILER_GENERATE_SWIFT_ASSET_SYMBOL_EXTENSIONS = YES;
				CLANG_ANALYZER_NONNULL = YES;
				CLANG_ANALYZER_NUMBER_OBJECT_CONVERSION = YES_AGGRESSIVE;
				CLANG_CXX_LANGUAGE_STANDARD = "gnu++20";
				CLANG_ENABLE_MODULES = YES;
				CLANG_ENABLE_OBJC_ARC = YES;
				CLANG_ENABLE_OBJC_WEAK = YES;
				CLANG_WARN_BLOCK_CAPTURE_AUTORELEASING = YES;
				CLANG_WARN_BOOL_CONVERSION = YES;
				CLANG_WARN_COMMA = YES;
				CLANG_WARN_CONSTANT_CONVERSION = YES;
				CLANG_WARN_DEPRECATED_OBJC_IMPLEMENTATIONS = YES;
				CLANG_WARN_DIRECT_OBJC_ISA_USAGE = YES_ERROR;
				CLANG_WARN_DOCUMENTATION_COMMENTS = YES;
				CLANG_WARN_EMPTY_BODY = YES;
				CLANG_WARN_ENUM_CONVERSION = YES;
				CLANG_WARN_INFINITE_RECURSION = YES;
				CLANG_WARN_INT_CONVERSION = YES;
				CLANG_WARN_NON_LITERAL_NULL_CONVERSION = YES;
				CLANG_WARN_OBJC_IMPLICIT_RETAIN_SELF = YES;
				CLANG_WARN_OBJC_LITERAL_CONVERSION = YES;
				CLANG_WARN_OBJC_ROOT_CLASS = YES_ERROR;
				CLANG_WARN_QUOTED_INCLUDE_IN_FRAMEWORK_HEADER = YES;
				CLANG_WARN_RANGE_LOOP_ANALYSIS = YES;
				CLANG_WARN_STRICT_PROTOTYPES = YES;
				CLANG_WARN_SUSPICIOUS_MOVE = YES;
				CLANG_WARN_UNGUARDED_AVAILABILITY = YES_AGGRESSIVE;
				CLANG_WARN_UNREACHABLE_CODE = YES;
				CLANG_WARN__DUPLICATE_METHOD_MATCH = YES;
				COPY_PHASE_STRIP = NO;
				DEBUG_INFORMATION_FORMAT = "dwarf-with-dsym";
				DEVELOPMENT_TEAM = WM7SKJ8A72;
				ENABLE_NS_ASSERTIONS = NO;
				ENABLE_STRICT_OBJC_MSGSEND = YES;
				ENABLE_USER_SCRIPT_SANDBOXING = YES;
				GCC_C_LANGUAGE_STANDARD = gnu17;
				GCC_NO_COMMON_BLOCKS = YES;
				GCC_WARN_64_TO_32_BIT_CONVERSION = YES;
				GCC_WARN_ABOUT_RETURN_TYPE = YES_ERROR;
				GCC_WARN_UNDECLARED_SELECTOR = YES;
				GCC_WARN_UNINITIALIZED_AUTOS = YES_AGGRESSIVE;
				GCC_WARN_UNUSED_FUNCTION = YES;
				GCC_WARN_UNUSED_VARIABLE = YES;
				IPHONEOS_DEPLOYMENT_TARGET = 18.4;
				LOCALIZATION_PREFERS_STRING_CATALOGS = YES;
				MTL_ENABLE_DEBUG_INFO = NO;
				MTL_FAST_MATH = YES;
				SDKROOT = iphoneos;
				SWIFT_COMPILATION_MODE = wholemodule;
				VALIDATE_PRODUCT = YES;
			};
			name = Release;
		};
		D1D2B6502DDF8C400020B22C /* Debug */ = {
			isa = XCBuildConfiguration;
			buildSettings = {
				ASSETCATALOG_COMPILER_APPICON_NAME = AppIcon;
				ASSETCATALOG_COMPILER_GLOBAL_ACCENT_COLOR_NAME = AccentColor;
				CODE_SIGN_STYLE = Automatic;
				CURRENT_PROJECT_VERSION = 1;
				DEVELOPMENT_TEAM = WM7SKJ8A72;
				ENABLE_PREVIEWS = YES;
				GENERATE_INFOPLIST_FILE = YES;
				INFOPLIST_KEY_UIApplicationSceneManifest_Generation = YES;
				INFOPLIST_KEY_UIApplicationSupportsIndirectInputEvents = YES;
				INFOPLIST_KEY_UILaunchScreen_Generation = YES;
				INFOPLIST_KEY_UISupportedInterfaceOrientations_iPad = "UIInterfaceOrientationPortrait UIInterfaceOrientationPortraitUpsideDown UIInterfaceOrientationLandscapeLeft UIInterfaceOrientationLandscapeRight";
				INFOPLIST_KEY_UISupportedInterfaceOrientations_iPhone = "UIInterfaceOrientationPortrait UIInterfaceOrientationLandscapeLeft UIInterfaceOrientationLandscapeRight";
				LD_RUNPATH_SEARCH_PATHS = (
					"$(inherited)",
					"@executable_path/Frameworks",
				);
				MARKETING_VERSION = 1.0;
				PRODUCT_BUNDLE_IDENTIFIER = com.tfiel11.IncomeVsExpenses;
				PRODUCT_NAME = "$(TARGET_NAME)";
				SWIFT_EMIT_LOC_STRINGS = YES;
				SWIFT_VERSION = 5.0;
				TARGETED_DEVICE_FAMILY = "1,2";
			};
			name = Debug;
		};
		D1D2B6512DDF8C400020B22C /* Release */ = {
			isa = XCBuildConfiguration;
			buildSettings = {
				ASSETCATALOG_COMPILER_APPICON_NAME = AppIcon;
				ASSETCATALOG_COMPILER_GLOBAL_ACCENT_COLOR_NAME = AccentColor;
				CODE_SIGN_STYLE = Automatic;
				CURRENT_PROJECT_VERSION = 1;
				DEVELOPMENT_TEAM = WM7SKJ8A72;
				ENABLE_PREVIEWS = YES;
				GENERATE_INFOPLIST_FILE = YES;
				INFOPLIST_KEY_UIApplicationSceneManifest_Generation = YES;
				INFOPLIST_KEY_UIApplicationSupportsIndirectInputEvents = YES;
				INFOPLIST_KEY_UILaunchScreen_Generation = YES;
				INFOPLIST_KEY_UISupportedInterfaceOrientations_iPad = "UIInterfaceOrientationPortrait UIInterfaceOrientationPortraitUpsideDown UIInterfaceOrientationLandscapeLeft UIInterfaceOrientationLandscapeRight";
				INFOPLIST_KEY_UISupportedInterfaceOrientations_iPhone = "UIInterfaceOrientationPortrait UIInterfaceOrientationLandscapeLeft UIInterfaceOrientationLandscapeRight";
				LD_RUNPATH_SEARCH_PATHS = (
					"$(inherited)",
					"@executable_path/Frameworks",
				);
				MARKETING_VERSION = 1.0;
				PRODUCT_BUNDLE_IDENTIFIER = com.tfiel11.IncomeVsExpenses;
				PRODUCT_NAME = "$(TARGET_NAME)";
				SWIFT_EMIT_LOC_STRINGS = YES;
				SWIFT_VERSION = 5.0;
				TARGETED_DEVICE_FAMILY = "1,2";
			};
			name = Release;
		};
		D1D2B6532DDF8C400020B22C /* Debug */ = {
			isa = XCBuildConfiguration;
			buildSettings = {
				BUNDLE_LOADER = "$(TEST_HOST)";
				CODE_SIGN_STYLE = Automatic;
				CURRENT_PROJECT_VERSION = 1;
				DEVELOPMENT_TEAM = WM7SKJ8A72;
				GENERATE_INFOPLIST_FILE = YES;
				IPHONEOS_DEPLOYMENT_TARGET = 18.4;
				MARKETING_VERSION = 1.0;
				PRODUCT_BUNDLE_IDENTIFIER = com.tfiel11.IncomeVsExpensesTests;
				PRODUCT_NAME = "$(TARGET_NAME)";
				SWIFT_EMIT_LOC_STRINGS = NO;
				SWIFT_VERSION = 5.0;
				TARGETED_DEVICE_FAMILY = "1,2";
				TEST_HOST = "$(BUILT_PRODUCTS_DIR)/IncomeVsExpenses.app/$(BUNDLE_EXECUTABLE_FOLDER_PATH)/IncomeVsExpenses";
			};
			name = Debug;
		};
		D1D2B6542DDF8C400020B22C /* Release */ = {
			isa = XCBuildConfiguration;
			buildSettings = {
				BUNDLE_LOADER = "$(TEST_HOST)";
				CODE_SIGN_STYLE = Automatic;
				CURRENT_PROJECT_VERSION = 1;
				DEVELOPMENT_TEAM = WM7SKJ8A72;
				GENERATE_INFOPLIST_FILE = YES;
				IPHONEOS_DEPLOYMENT_TARGET = 18.4;
				MARKETING_VERSION = 1.0;
				PRODUCT_BUNDLE_IDENTIFIER = com.tfiel11.IncomeVsExpensesTests;
				PRODUCT_NAME = "$(TARGET_NAME)";
				SWIFT_EMIT_LOC_STRINGS = NO;
				SWIFT_VERSION = 5.0;
				TARGETED_DEVICE_FAMILY = "1,2";
				TEST_HOST = "$(BUILT_PRODUCTS_DIR)/IncomeVsExpenses.app/$(BUNDLE_EXECUTABLE_FOLDER_PATH)/IncomeVsExpenses";
			};
			name = Release;
		};
		D1D2B6562DDF8C400020B22C /* Debug */ = {
			isa = XCBuildConfiguration;
			buildSettings = {
				CODE_SIGN_STYLE = Automatic;
				CURRENT_PROJECT_VERSION = 1;
				DEVELOPMENT_TEAM = WM7SKJ8A72;
				GENERATE_INFOPLIST_FILE = YES;
				MARKETING_VERSION = 1.0;
				PRODUCT_BUNDLE_IDENTIFIER = com.tfiel11.IncomeVsExpensesUITests;
				PRODUCT_NAME = "$(TARGET_NAME)";
				SWIFT_EMIT_LOC_STRINGS = NO;
				SWIFT_VERSION = 5.0;
				TARGETED_DEVICE_FAMILY = "1,2";
				TEST_TARGET_NAME = IncomeVsExpenses;
			};
			name = Debug;
		};
		D1D2B6572DDF8C400020B22C /* Release */ = {
			isa = XCBuildConfiguration;
			buildSettings = {
				CODE_SIGN_STYLE = Automatic;
				CURRENT_PROJECT_VERSION = 1;
				DEVELOPMENT_TEAM = WM7SKJ8A72;
				GENERATE_INFOPLIST_FILE = YES;
				MARKETING_VERSION = 1.0;
				PRODUCT_BUNDLE_IDENTIFIER = com.tfiel11.IncomeVsExpensesUITests;
				PRODUCT_NAME = "$(TARGET_NAME)";
				SWIFT_EMIT_LOC_STRINGS = NO;
				SWIFT_VERSION = 5.0;
				TARGETED_DEVICE_FAMILY = "1,2";
				TEST_TARGET_NAME = IncomeVsExpenses;
			};
			name = Release;
		};
/* End XCBuildConfiguration section */

/* Begin XCConfigurationList section */
		D1D2B6292DDF8C3F0020B22C /* Build configuration list for PBXProject "IncomeVsExpenses" */ = {
			isa = XCConfigurationList;
			buildConfigurations = (
				D1D2B64D2DDF8C400020B22C /* Debug */,
				D1D2B64E2DDF8C400020B22C /* Release */,
			);
			defaultConfigurationIsVisible = 0;
			defaultConfigurationName = Release;
		};
		D1D2B64F2DDF8C400020B22C /* Build configuration list for PBXNativeTarget "IncomeVsExpenses" */ = {
			isa = XCConfigurationList;
			buildConfigurations = (
				D1D2B6502DDF8C400020B22C /* Debug */,
				D1D2B6512DDF8C400020B22C /* Release */,
			);
			defaultConfigurationIsVisible = 0;
			defaultConfigurationName = Release;
		};
		D1D2B6522DDF8C400020B22C /* Build configuration list for PBXNativeTarget "IncomeVsExpensesTests" */ = {
			isa = XCConfigurationList;
			buildConfigurations = (
				D1D2B6532DDF8C400020B22C /* Debug */,
				D1D2B6542DDF8C400020B22C /* Release */,
			);
			defaultConfigurationIsVisible = 0;
			defaultConfigurationName = Release;
		};
		D1D2B6552DDF8C400020B22C /* Build configuration list for PBXNativeTarget "IncomeVsExpensesUITests" */ = {
			isa = XCConfigurationList;
			buildConfigurations = (
				D1D2B6562DDF8C400020B22C /* Debug */,
				D1D2B6572DDF8C400020B22C /* Release */,
			);
			defaultConfigurationIsVisible = 0;
			defaultConfigurationName = Release;
		};
/* End XCConfigurationList section */
	};
	rootObject = D1D2B6262DDF8C3F0020B22C /* Project object */;
}
